{
  "name": "react-tables",
  "version": "0.1.0",
  "lockfileVersion": 1,
  "requires": true,
  "dependencies": {
    "classnames": {
      "version": "2.2.5",
      "resolved": "https://registry.npmjs.org/classnames/-/classnames-2.2.5.tgz",
      "integrity": "sha1-+zgB1FNGdknvNgPH1hoCvRKb3m0="
    },
    "react-table": {
      "version": "6.7.4",
      "resolved": "https://registry.npmjs.org/react-table/-/react-table-6.7.4.tgz",
      "integrity": "sha512-V0D19Vriw0h4Ho0ECshMjgStOlsRUENYmYtgKtgv4DhpNcxQQ9lxhOdOHLda7uuiPZOJm6B3XvghfZsPTVaSNQ==",
      "requires": {
        "classnames": "2.2.5"
      }
    },
    "shortid": {
      "version": "2.2.8",
      "resolved": "https://registry.npmjs.org/shortid/-/shortid-2.2.8.tgz",
      "integrity": "sha1-AzsRfWoul1gE9vCWnb59PQs1UTE="
    }
  }
}
